
Microsoft Visual Studio Solution File, Format Version 12.00
# Visual Studio 15
VisualStudioVersion = 15.0.27004.2010
MinimumVisualStudioVersion = 10.0.40219.1
Project("{FAE04EC0-301F-11D3-BF4B-00C04F79EFBC}") = "Xamarin.Auth Sample (Android)", "Xamarin.Auth Sample (Android).csproj", "{A0035902-A1F0-4613-A493-1B121FCA2BE1}"
EndProject
Project("{FAE04EC0-301F-11D3-BF4B-00C04F79EFBC}") = "Xamarin.Auth.XamarinAndroid", "..\..\..\..\..\source\Core\Xamarin.Auth.XamarinAndroid\Xamarin.Auth.XamarinAndroid.csproj", "{47EC107C-EBB2-4676-82DB-F77B7BFC17AC}"
EndProject
Global
	GlobalSection(SolutionConfigurationPlatforms) = preSolution
		Debug|Any CPU = Debug|Any CPU
		Release|Any CPU = Release|Any CPU
	EndGlobalSection
	GlobalSection(ProjectConfigurationPlatforms) = postSolution
		{A0035902-A1F0-4613-A493-1B121FCA2BE1}.Debug|Any CPU.ActiveCfg = Debug|Any CPU
		{A0035902-A1F0-4613-A493-1B121FCA2BE1}.Debug|Any CPU.Build.0 = Debug|Any CPU
		{A0035902-A1F0-4613-A493-1B121FCA2BE1}.Debug|Any CPU.Deploy.0 = Debug|Any CPU
		{A0035902-A1F0-4613-A493-1B121FCA2BE1}.Release|Any CPU.ActiveCfg = Release|Any CPU
		{A0035902-A1F0-4613-A493-1B121FCA2BE1}.Release|Any CPU.Build.0 = Release|Any CPU
		{47EC107C-EBB2-4676-82DB-F77B7BFC17AC}.Debug|Any CPU.ActiveCfg = Debug|Any CPU
		{47EC107C-EBB2-4676-82DB-F77B7BFC17AC}.Debug|Any CPU.Build.0 = Debug|Any CPU
		{47EC107C-EBB2-4676-82DB-F77B7BFC17AC}.Release|Any CPU.ActiveCfg = Release|Any CPU
		{47EC107C-EBB2-4676-82DB-F77B7BFC17AC}.Release|Any CPU.Build.0 = Release|Any CPU
	EndGlobalSection
	GlobalSection(SolutionProperties) = preSolution
		HideSolutionNode = FALSE
	EndGlobalSection
	GlobalSection(ExtensibilityGlobals) = postSolution
		SolutionGuid = {C70EAE4B-A12A-4492-8FD6-C7A2D414DA77}
	EndGlobalSection
	GlobalSection(MonoDevelopProperties) = preSolution
		StartupItem = Xamarin.Auth Sample (Android).csproj
	EndGlobalSection
EndGlobal
